<!DOCTYPE html>
<html lang="en">
<head>
    <meta charset="UTF-8">
    <meta name="viewport" content="width=device-width, initial-scale=1.0">
    <title>HY Analysts Terminal</title>
    <script src="https://cdn.tailwindcss.com"></script>
    <link rel="stylesheet" href="https://unpkg.com/leaflet@1.9.4/dist/leaflet.css" />
    <script src="https://unpkg.com/leaflet@1.9.4/dist/leaflet.js"></script>
    <script src="https://unpkg.com/lightweight-charts@4.1.1/dist/lightweight-charts.standalone.production.js"></script>
    <style>
        @import url('https://fonts.googleapis.com/css2?family=JetBrains+Mono:wght@400;500;700&display=swap');
        
        :root {
            --bg: #050505;
            --text: #e5e5e5;
            --accent: #22ab94;
            --border: #1a1a1a;
            --panel-bg: #0a0a0a;
        }

        body {
            background-color: var(--bg);
            color: var(--text);
            font-family: 'JetBrains Mono', monospace;
            font-size: 10px;
            height: 100vh;
            overflow: hidden;
        }

        .terminal-panel {
            background-color: var(--panel-bg);
            border: 1px solid var(--border);
        }

        .accent-text { color: var(--accent); }
        .accent-bg { background-color: var(--accent); }

        #map {
            width: 100%;
            height: 100%;
            background: #050505 !important;
        }

        .leaflet-container {
            background: #050505 !important;
        }

        .leaflet-tile-pane {
            filter: brightness(0.8) contrast(1.1);
        }

        .ticker-wrap {
            width: 100%;
            overflow: hidden;
            background: #000;
            border-bottom: 1px solid var(--border);
            height: 24px;
            display: flex;
            align-items: center;
            position: relative;
        }
        .ticker {
            display: flex;
            white-space: nowrap;
            animation: ticker 60s linear infinite;
        }
        @keyframes ticker {
            0% { transform: translateX(100%); }
            100% { transform: translateX(-100%); }
        }
        .ticker-item {
            padding: 0 20px;
            color: var(--accent);
            letter-spacing: 1px;
        }

        .custom-scrollbar::-webkit-scrollbar { width: 4px; }
        .custom-scrollbar::-webkit-scrollbar-track { background: transparent; }
        .custom-scrollbar::-webkit-scrollbar-thumb { background: #222; }

        input {
            background: #000;
            border: 1px solid var(--border);
            color: var(--text);
            outline: none;
            padding: 4px 8px;
        }
        input:focus { border-color: var(--accent); }

        .supply-chain-line {
            stroke-dasharray: 5, 5;
            animation: dash 15s linear infinite;
        }
        @keyframes dash {
            to { stroke-dashoffset: 100; }
        }
    </style>
</head>
<body class="flex flex-col">
    <!-- Header Bar -->
    <header class="h-10 border-b border-[#1a1a1a] flex items-center justify-between px-4 bg-black z-50">
        <div class="flex items-center gap-3">
            <div class="w-2 h-2 bg-[#22ab94] rounded-full animate-pulse shadow-[0_0_8px_#22ab94]"></div>
            <h1 class="text-[10px] font-bold tracking-[0.3em] uppercase opacity-80">HY Analysts Terminal</h1>
        </div>
        <div id="top-info" class="flex items-center gap-6">
            <div class="flex flex-col items-end text-right">
                <div class="flex items-center gap-2">
                   <span id="top-symbol" class="text-[10px] font-bold accent-text font-mono">AAPL</span>
                   <span id="top-price" class="text-[12px] font-bold font-mono">---</span>
                </div>
                <div class="flex items-center gap-1 -mt-1 justify-end">
                   <span id="top-name" class="text-[8px] text-zinc-500 uppercase truncate max-w-[150px]">Apple Inc.</span>
                   <span id="top-change" class="text-[9px] font-mono">---</span>
                </div>
            </div>
            <div class="h-6 w-[1px] bg-zinc-900 hidden sm:block"></div>
            <div class="text-[8px] font-mono text-zinc-600 tracking-widest uppercase hidden lg:block">
                LAT_LNK: ACTIVE
            </div>
        </div>
    </header>

    <!-- Live News Ticker -->
    <div class="ticker-wrap">
        <div id="ticker" class="ticker">
            <span class="ticker-item">Loading news...</span>
        </div>
    </div>

    <!-- Interface -->
    <div class="flex flex-1 overflow-hidden">
        <!-- Sidebar Left: Company List -->
        <aside class="w-60 border-r border-[#1a1a1a] flex flex-col bg-black">
            <div class="p-3 border-b border-[#1a1a1a] space-y-1">
                <div class="text-[8px] text-zinc-500 uppercase tracking-widest">Node Registry</div>
                <input type="text" id="search-input" placeholder="FIND TICKER..." class="w-full text-[10px]">
            </div>
            <div id="ticker-list" class="flex-1 overflow-y-auto custom-scrollbar"></div>
            <div class="p-2 bg-[#050505] border-t border-[#111]">
                <div class="text-[7px] text-zinc-600 uppercase tracking-tighter mb-1">System Load: 12%</div>
                <div class="h-[1px] w-full bg-zinc-900"><div class="h-full bg-accent" style="width: 12%"></div></div>
            </div>
        </aside>

        <!-- Center: Map -->
        <main class="flex-1 relative border-r border-[#1a1a1a] bg-[#050505]">
            <div id="map"></div>
            <div class="absolute bottom-4 left-4 z-[1000] terminal-panel p-2 opacity-80 pointer-events-none border border-[#333]">
                <div class="flex items-center gap-1.5"><div class="w-2 h-2 bg-[#22ab94] rounded-full"></div> <span class="text-[8px]">UPSTREAM PARTNER</span></div>
                <div class="flex items-center gap-1.5"><div class="w-2 h-2 bg-rose-500 rounded-full"></div> <span class="text-[8px]">DOWNSTREAM PARTNER</span></div>
            </div>
        </main>

        <!-- Sidebar Right: Analytics -->
        <aside class="w-80 p-3 space-y-4 custom-scrollbar overflow-y-auto bg-black border-l border-[#1a1a1a]">
            <div id="no-selection" class="h-40 flex items-center justify-center border border-[#1a1a1a] border-dashed">
                <p class="text-[8px] text-zinc-600 uppercase tracking-widest px-4 text-center">Select node to initialize intelligence stream</p>
            </div>
            
            <div id="details-view" class="hidden space-y-4">
                <div>
                    <div class="flex justify-end items-center mb-2">
                        <span id="chart-ticker" class="text-[10px] font-bold accent-text font-mono tracking-wider">---</span>
                    </div>
                    <div id="chart-container" style="height: 250px;" class="w-full terminal-panel"></div>
                </div>

                <div class="space-y-2">
                    <div class="text-[8px] text-zinc-500 uppercase tracking-widest border-b border-[#1a1a1a]">Static Intelligence</div>
                    <div class="grid grid-cols-2 gap-2 text-[9px]">
                        <div class="flex flex-col border border-[#111] p-1.5">
                            <span class="text-zinc-500 text-[7px] uppercase">Sector</span>
                            <span id="panel-sector" class="truncate">---</span>
                        </div>
                        <div class="flex flex-col border border-[#111] p-1.5">
                            <span class="text-zinc-500 text-[7px] uppercase">Staffing</span>
                            <span id="panel-employees">---</span>
                        </div>
                    </div>
                </div>

                <div class="space-y-2">
                    <div class="text-[8px] text-zinc-500 uppercase tracking-widest border-b border-[#1a1a1a]">Financial Prism</div>
                    <div class="grid grid-cols-2 gap-2 font-mono">
                        <div class="terminal-panel p-2">
                            <div class="text-[7px] text-zinc-500 uppercase">Assets</div>
                            <div id="panel-assets" class="text-[9px] font-bold">---</div>
                        </div>
                        <div class="terminal-panel p-2">
                            <div class="text-[7px] text-zinc-500 uppercase">Debt</div>
                            <div id="panel-debt" class="text-[9px] font-bold text-rose-500">---</div>
                        </div>
                        <div class="terminal-panel p-2">
                            <div class="text-[7px] text-zinc-500 uppercase">Cash</div>
                            <div id="panel-cash" class="text-[9px] font-bold accent-text">---</div>
                        </div>
                        <div class="terminal-panel p-2">
                            <div class="text-[7px] text-zinc-500 uppercase">Equity</div>
                            <div id="panel-equity" class="text-[9px] font-bold">---</div>
                        </div>
                    </div>
                </div>

                <div class="space-y-1">
                    <div class="text-[8px] text-zinc-500 uppercase tracking-widest border-b border-[#1a1a1a]">Historical Earnings</div>
                    <div id="income-list" class="space-y-1"></div>
                </div>
            </div>
        </aside>
    </div>

    <script>
        // ---------- GLOBALS ----------
        let chart, lineSeries, selectedSymbol = null;
        const markers = {}, chainLines = [];

        // ---------- COMPANIES ARRAY (extended – replace with your full list) ----------
        const companies = [
            { symbol: 'AAPL', name: 'Apple Inc.', pos: [37.33, -122.03], upstream: ['TSM', 'NVDA'], downstream: ['AMZN', 'UBER'] },
            { symbol: 'MSFT', name: 'Microsoft Corp.', pos: [47.64, -122.13], upstream: ['NVDA', 'INTC', 'AMD'], downstream: ['GOOGL', 'AMZN', 'META'] },
            { symbol: 'NVDA', name: 'NVIDIA Corp.', pos: [37.37, -121.96], upstream: ['TSM', 'ASML'], downstream: ['AAPL', 'MSFT', 'TSLA', 'META'] },
            { symbol: 'TSM', name: 'TSMC', pos: [24.77, 121.01], upstream: ['ASML', 'AMAT'], downstream: ['AAPL', 'NVDA', 'AMD', 'QCOM', 'INTC'] },
            { symbol: 'AMZN', name: 'Amazon.com Inc.', pos: [47.61, -122.34], upstream: ['UPS', 'FDX', 'TSM'], downstream: ['WMT', 'TGT', 'COST'] },
            { symbol: 'GOOGL', name: 'Alphabet Inc.', pos: [37.42, -122.08], upstream: ['NVDA', 'AMD', 'TSM'], downstream: ['META', 'MSFT', 'AAPL'] },
            { symbol: 'TSLA', name: 'Tesla, Inc.', pos: [30.27, -97.74], upstream: ['NVDA', 'PANASONIC'], downstream: ['HERTZ'] },
            { symbol: 'JPM', name: 'JPMorgan Chase', pos: [40.75, -73.97], upstream: ['V', 'MA'], downstream: ['CONSUMER'] },
            { symbol: 'V', name: 'Visa Inc.', pos: [37.56, -122.27], upstream: [], downstream: ['JPM', 'BAC', 'C'] },
            { symbol: 'BABA', name: 'Alibaba Group', pos: [30.24, 120.15], upstream: ['TSM'], downstream: ['GLOBAL'] },
            { symbol: 'SAMSUNG', name: 'Samsung Electronics', pos: [37.32, 127.12], upstream: ['ASML', 'TSM'], downstream: ['AAPL', 'NVDA'] },
            { symbol: 'ASML', name: 'ASML Holding', pos: [51.42, 5.42], upstream: ['ZEISS'], downstream: ['TSM', 'INTC'] },
            { symbol: 'SAP', name: 'SAP SE', pos: [49.27, 8.64], upstream: ['MSFT'], downstream: ['BMW'] },
            { symbol: 'TM', name: 'Toyota Motor', pos: [35.08, 137.15], upstream: ['NVDA'], downstream: ['UBER'] },
            { symbol: 'SONY', name: 'Sony Group', pos: [35.67, 139.73], upstream: ['TSM'], downstream: ['MSFT'] }
        ];

        // ---------- MAP ----------
        const map = L.map('map', { center: [20, 0], zoom: 2, zoomControl: false, attributionControl: false });
        L.tileLayer('https://{s}.basemaps.cartocdn.com/dark_all/{z}/{x}/{y}{r}.png').addTo(map);

        companies.forEach(company => {
            const marker = L.circleMarker(company.pos, {
                radius: 4, fillColor: '#22ab94', color: '#fff', weight: 1, opacity: 0.8, fillOpacity: 0.8
            }).addTo(map);
            marker.bindTooltip(company.name, { direction: 'top', className: 'accent-text font-mono text-[8px] bg-black border-none' });
            marker.on('click', () => loadCompany(company.symbol));
            markers[company.symbol] = marker;
        });

        // ---------- CHART ----------
        function initChart() {
            const container = document.getElementById('chart-container');
            if (!container) return false;
            if (chart) return true;
            if (typeof LightweightCharts === 'undefined') {
                setTimeout(initChart, 1000);
                return false;
            }
            try {
                chart = LightweightCharts.createChart(container, {
                    layout: { background: { type: 'solid', color: '#0a0a0a' }, textColor: '#ccc' },
                    grid: { vertLines: { color: '#1a1a1a' }, horzLines: { color: '#1a1a1a' } },
                    timeScale: { visible: true, borderVisible: false },
                    rightPriceScale: { borderVisible: false },
                    handleScroll: false, handleScale: false,
                    width: container.clientWidth,
                    height: 250
                });
                lineSeries = chart.addLineSeries({ color: '#22ab94', lineWidth: 2 });
                return true;
            } catch(err) {
                console.error("Chart init error", err);
                return false;
            }
        }

        function updateChart(symbol) {
            if (!lineSeries) {
                if (!initChart()) return;
            }
            const now = Math.floor(Date.now() / 1000);
            const data = [];
            const seed = symbol.split('').reduce((acc, c) => acc + c.charCodeAt(0), 0);
            let price = 100 + (seed % 300);
            for (let i = 0; i < 100; i++) {
                price += Math.sin(i * 0.1) * 2 + (Math.random() - 0.5) * 6;
                data.push({ time: now - (100 - i) * 3600, value: Math.max(price, 10) });
            }
            lineSeries.setData(data);
            chart.timeScale().fitContent();
        }

        // ---------- SIDEBAR ----------
        function renderTickerList() {
            const container = document.getElementById('ticker-list');
            const search = document.getElementById('search-input').value.toUpperCase();
            const filtered = companies.filter(c => c.symbol.includes(search) || c.name.toUpperCase().includes(search));
            container.innerHTML = filtered.map(c => `
                <div class="px-3 py-2 border-b border-[#111] cursor-pointer hover:bg-zinc-900 group ${selectedSymbol === c.symbol ? 'bg-zinc-900' : ''}" onclick="loadCompany('${c.symbol}')">
                    <div class="flex justify-between items-center">
                        <span class="text-[9px] font-bold font-mono ${selectedSymbol === c.symbol ? 'accent-text' : 'text-zinc-400'}">${c.symbol}</span>
                    </div>
                    <div class="text-[7px] text-zinc-600 truncate uppercase">${c.name}</div>
                </div>
            `).join('');
        }

        // ---------- LIVE NEWS (Marketaux) ----------
        async function updateNewsTicker(symbol) {
            const tickerDiv = document.getElementById('ticker');
            try {
                const res = await fetch(`/api/news?symbol=${symbol}&limit=8`);
                const data = await res.json();
                if (data.articles && data.articles.length) {
                    const headlines = data.articles.map(a => a.title).join('   ◆   ');
                    tickerDiv.innerHTML = `<div class="ticker">${headlines}</div>`;
                    // Restart animation
                    const newTicker = tickerDiv.cloneNode(true);
                    tickerDiv.parentNode.replaceChild(newTicker, tickerDiv);
                } else {
                    tickerDiv.innerHTML = `<div class="ticker"><span class="ticker-item">No recent news for ${symbol}</span></div>`;
                }
            } catch (err) {
                console.warn('News fetch failed:', err);
                tickerDiv.innerHTML = `<div class="ticker"><span class="ticker-item">News feed unavailable</span></div>`;
            }
        }

        // ---------- LOAD COMPANY (all data + news) ----------
        async function loadCompany(symbol) {
            selectedSymbol = symbol;
            renderTickerList();
            const comp = companies.find(c => c.symbol === symbol);
            if (!comp) return;

            document.getElementById('chart-ticker').textContent = symbol;
            document.getElementById('no-selection').classList.add('hidden');
            document.getElementById('details-view').classList.remove('hidden');
            document.getElementById('top-symbol').textContent = symbol;
            document.getElementById('top-name').textContent = comp.name;

            // Map & supply chains
            Object.values(markers).forEach(m => m.setStyle({ weight: 1, radius: 4, fillColor: '#22ab94' }));
            if (markers[symbol]) markers[symbol].setStyle({ weight: 3, radius: 6, fillColor: '#fff' });
            map.flyTo(comp.pos, 4, { duration: 1 });

            chainLines.forEach(l => map.removeLayer(l));
            chainLines.length = 0;
            [...comp.upstream.map(s => ({s, color: '#22ab94'})), ...comp.downstream.map(s => ({s, color: '#ef4444'}))].forEach(link => {
                const target = companies.find(c => c.symbol === link.s);
                if (target) {
                    const line = L.polyline([target.pos, comp.pos], { color: link.color, weight: 1, opacity: 0.3, className: 'supply-chain-line' }).addTo(map);
                    chainLines.push(line);
                }
            });

            // Chart
            initChart();
            updateChart(symbol);

            // Fetch live data (quote, profile, balance, income)
            try {
                const [quote, profile, balance, income] = await Promise.all([
                    fetch(`/api/quote?symbol=${symbol}`).then(r => r.json()),
                    fetch(`/api/company?symbol=${symbol}`).then(r => r.json()),
                    fetch(`/api/balance?symbol=${symbol}`).then(r => r.json()),
                    fetch(`/api/income?symbol=${symbol}`).then(r => r.json())
                ]);

                // Price & change
                const price = parseFloat(quote.price || 0);
                document.getElementById('top-price').textContent = price ? `$${price.toFixed(2)}` : '---';
                const change = parseFloat(quote.changePercent || 0);
                const chEl = document.getElementById('top-change');
                chEl.textContent = change ? `${change>0?'+':''}${change.toFixed(2)}%` : '---';
                chEl.className = `text-[9px] font-mono ${change >= 0 ? 'accent-text' : 'text-rose-500'}`;

                // Profile & financials
                document.getElementById('panel-sector').textContent = profile.sector || '---';
                document.getElementById('panel-employees').textContent = profile.employees ? Number(profile.employees).toLocaleString() : '---';
                document.getElementById('panel-assets').textContent = balance.totalAssets ? `$${(balance.totalAssets/1e9).toFixed(2)}B` : '---';
                document.getElementById('panel-debt').textContent = balance.totalDebt ? `$${(balance.totalDebt/1e9).toFixed(2)}B` : '---';
                document.getElementById('panel-cash').textContent = balance.cashAndCashEquivalents ? `$${(balance.cashAndCashEquivalents/1e9).toFixed(2)}B` : '---';
                document.getElementById('panel-equity').textContent = balance.totalEquity ? `$${(balance.totalEquity/1e9).toFixed(2)}B` : '---';

                // Earnings
                const incomeList = document.getElementById('income-list');
                if (income.quarters && income.quarters.length) {
                    incomeList.innerHTML = income.quarters.slice(0,4).map(q => `
                        <div class="flex justify-between border-b border-[#111] py-1 text-[8px]">
                            <span class="text-zinc-600 uppercase">${q.date?.slice(0,7) || '---'}</span>
                            <span class="font-bold font-mono">${q.netIncome ? `$${(q.netIncome/1e9).toFixed(2)}B` : '---'}</span>
                        </div>
                    `).join('');
                } else {
                    incomeList.innerHTML = '<div class="text-amber-500 text-[8px]">No earnings data</div>';
                }
            } catch (err) {
                console.warn("API error (fallback):", err);
                document.getElementById('panel-sector').textContent = 'API unavailable';
                document.getElementById('income-list').innerHTML = '<div class="text-amber-500 text-[8px]">Fallback mode – live data offline</div>';
            }

            // Update news ticker (independent)
            updateNewsTicker(symbol);
        }

        // ---------- INIT ----------
        document.getElementById('search-input').oninput = renderTickerList;
        window.addEventListener('load', () => {
            renderTickerList();
            loadCompany('AAPL');
            setTimeout(() => {
                if (chart) chart.resize(document.getElementById('chart-container').clientWidth, 250);
                map.invalidateSize();
            }, 200);
        });
        window.addEventListener('resize', () => {
            if (chart) chart.resize(document.getElementById('chart-container').clientWidth, 250);
            map.invalidateSize();
        });
    </script>
</body>
</html>
